
Microsoft Visual Studio Solution File, Format Version 12.00
# Visual Studio Version 17
VisualStudioVersion = 17.2.32602.215
MinimumVisualStudioVersion = 10.0.40219.1
Project("{FAE04EC0-301F-11D3-BF4B-00C04F79EFBC}") = "WebApplication27-07", "WebApplication27-07\WebApplication27-07.csproj", "{A57A75EE-7056-4255-8BF8-1534054C868F}"
EndProject
Global
	GlobalSection(SolutionConfigurationPlatforms) = preSolution
		Debug|Any CPU = Debug|Any CPU
		Release|Any CPU = Release|Any CPU
	EndGlobalSection
	GlobalSection(ProjectConfigurationPlatforms) = postSolution
		{A57A75EE-7056-4255-8BF8-1534054C868F}.Debug|Any CPU.ActiveCfg = Debug|Any CPU
		{A57A75EE-7056-4255-8BF8-1534054C868F}.Debug|Any CPU.Build.0 = Debug|Any CPU
		{A57A75EE-7056-4255-8BF8-1534054C868F}.Release|Any CPU.ActiveCfg = Release|Any CPU
		{A57A75EE-7056-4255-8BF8-1534054C868F}.Release|Any CPU.Build.0 = Release|Any CPU
	EndGlobalSection
	GlobalSection(SolutionProperties) = preSolution
		HideSolutionNode = FALSE
	EndGlobalSection
	GlobalSection(ExtensibilityGlobals) = postSolution
		SolutionGuid = {DB067412-A2E0-49B4-AFB2-833B09D9F242}
	EndGlobalSection
EndGlobal
